// !$*UTF8*$!
{
	archiveVersion = 1;
	classes = {
	};
	objectVersion = 60;
	objects = {

/* Begin PBXBuildFile section */
		99A23EBE2F59ABA3002D9F74 /* LocalizeSDK in Frameworks */ = {isa = PBXBuildFile; productRef = 99A23EBD2F59ABA3002D9F74 /* LocalizeSDK */; };
		99A23ED12F59AF28002D9F74 /* LocalizeSDK in Frameworks */ = {isa = PBXBuildFile; productRef = 99A23ED02F59AF28002D9F74 /* LocalizeSDK */; };
		99A23ED42F59B284002D9F74 /* LocalizeSDK in Frameworks */ = {isa = PBXBuildFile; productRef = 99A23ED32F59B284002D9F74 /* LocalizeSDK */; };
		99E09CF12F5AD8530028A945 /* LocalizeSDK in Frameworks */ = {isa = PBXBuildFile; productRef = 99E09CF02F5AD8530028A945 /* LocalizeSDK */; };
		A10000001A01000100010001 /* LocalizeSDKExampleApp.swift in Sources */ = {isa = PBXBuildFile; fileRef = A10000001A01000200010001 /* LocalizeSDKExampleApp.swift */; };
		A10000001A01000300010001 /* ContentView.swift in Sources */ = {isa = PBXBuildFile; fileRef = A10000001A01000400010001 /* ContentView.swift */; };
		A10000001A01000500010001 /* Assets.xcassets in Resources */ = {isa = PBXBuildFile; fileRef = A10000001A01000600010001 /* Assets.xcassets */; };
		A10000001A01002000010001 /* Localizable.strings in Resources */ = {isa = PBXBuildFile; fileRef = A10000001A01002300010001 /* Localizable.strings */; };
		A10000001A01002400010001 /* Localizable.stringsdict in Resources */ = {isa = PBXBuildFile; fileRef = A10000001A01002600010001 /* Localizable.stringsdict */; };
/* End PBXBuildFile section */

/* Begin PBXFileReference section */
		A10000001A01000100010002 /* LocalizeSDKExample.app */ = {isa = PBXFileReference; explicitFileType = wrapper.application; includeInIndex = 0; path = LocalizeSDKExample.app; sourceTree = BUILT_PRODUCTS_DIR; };
		A10000001A01000200010001 /* LocalizeSDKExampleApp.swift */ = {isa = PBXFileReference; lastKnownFileType = sourcecode.swift; path = LocalizeSDKExampleApp.swift; sourceTree = "<group>"; };
		A10000001A01000400010001 /* ContentView.swift */ = {isa = PBXFileReference; lastKnownFileType = sourcecode.swift; path = ContentView.swift; sourceTree = "<group>"; };
		A10000001A01000600010001 /* Assets.xcassets */ = {isa = PBXFileReference; lastKnownFileType = folder.assetcatalog; path = Assets.xcassets; sourceTree = "<group>"; };
		A10000001A01000700010001 /* Info.plist */ = {isa = PBXFileReference; lastKnownFileType = text.plist.xml; path = Info.plist; sourceTree = "<group>"; };
		A10000001A01002100010001 /* en.lproj/Localizable.strings */ = {isa = PBXFileReference; lastKnownFileType = text.plist.strings; path = en.lproj/Localizable.strings; sourceTree = "<group>"; };
		A10000001A01002200010001 /* ar.lproj/Localizable.strings */ = {isa = PBXFileReference; lastKnownFileType = text.plist.strings; path = ar.lproj/Localizable.strings; sourceTree = "<group>"; };
		A10000001A01002500010001 /* en.lproj/Localizable.stringsdict */ = {isa = PBXFileReference; lastKnownFileType = text.plist; path = en.lproj/Localizable.stringsdict; sourceTree = "<group>"; };
		A10000001A01002700010001 /* ar.lproj/Localizable.stringsdict */ = {isa = PBXFileReference; lastKnownFileType = text.plist; path = ar.lproj/Localizable.stringsdict; sourceTree = "<group>"; };
/* End PBXFileReference section */

/* Begin PBXFrameworksBuildPhase section */
		A10000001A01000800010001 /* Frameworks */ = {
			isa = PBXFrameworksBuildPhase;
			buildActionMask = 2147483647;
			files = (
				99E09CF12F5AD8530028A945 /* LocalizeSDK in Frameworks */,
				99A23ED42F59B284002D9F74 /* LocalizeSDK in Frameworks */,
				99A23ED12F59AF28002D9F74 /* LocalizeSDK in Frameworks */,
				99A23EBE2F59ABA3002D9F74 /* LocalizeSDK in Frameworks */,
			);
			runOnlyForDeploymentPostprocessing = 0;
		};
/* End PBXFrameworksBuildPhase section */

/* Begin PBXGroup section */
		A10000001A01000A00010001 = {
			isa = PBXGroup;
			children = (
				A10000001A01000B00010001 /* LocalizeSDKExample */,
				A10000001A01000C00010001 /* Products */,
			);
			sourceTree = "<group>";
		};
		A10000001A01000B00010001 /* LocalizeSDKExample */ = {
			isa = PBXGroup;
			children = (
				A10000001A01000200010001 /* LocalizeSDKExampleApp.swift */,
				A10000001A01000400010001 /* ContentView.swift */,
				A10000001A01000600010001 /* Assets.xcassets */,
				A10000001A01000700010001 /* Info.plist */,
				A10000001A01002300010001 /* Localizable.strings */,
				A10000001A01002600010001 /* Localizable.stringsdict */,
			);
			path = LocalizeSDKExample;
			sourceTree = "<group>";
		};
		A10000001A01000C00010001 /* Products */ = {
			isa = PBXGroup;
			children = (
				A10000001A01000100010002 /* LocalizeSDKExample.app */,
			);
			name = Products;
			sourceTree = "<group>";
		};
/* End PBXGroup section */

/* Begin PBXNativeTarget section */
		A10000001A01000D00010001 /* LocalizeSDKExample */ = {
			isa = PBXNativeTarget;
			buildConfigurationList = A10000001A01000E00010001 /* Build configuration list for PBXNativeTarget "LocalizeSDKExample" */;
			buildPhases = (
				A10000001A01000F00010001 /* Sources */,
				A10000001A01000800010001 /* Frameworks */,
				A10000001A01001000010001 /* Resources */,
			);
			buildRules = (
			);
			dependencies = (
			);
			name = LocalizeSDKExample;
			packageProductDependencies = (
				99A23EBD2F59ABA3002D9F74 /* LocalizeSDK */,
				99A23ED02F59AF28002D9F74 /* LocalizeSDK */,
				99A23ED32F59B284002D9F74 /* LocalizeSDK */,
				99E09CF02F5AD8530028A945 /* LocalizeSDK */,
			);
			productName = LocalizeSDKExample;
			productReference = A10000001A01000100010002 /* LocalizeSDKExample.app */;
			productType = "com.apple.product-type.application";
		};
/* End PBXNativeTarget section */

/* Begin PBXProject section */
		A10000001A01001200010001 /* Project object */ = {
			isa = PBXProject;
			attributes = {
				BuildIndependentTargetsInParallel = 1;
				LastSwiftUpdateCheck = 1500;
				LastUpgradeCheck = 1500;
				TargetAttributes = {
					A10000001A01000D00010001 = {
						CreatedOnToolsVersion = 15.0;
					};
				};
			};
			buildConfigurationList = A10000001A01001300010001 /* Build configuration list for PBXProject "LocalizeSDKExample" */;
			compatibilityVersion = "Xcode 14.0";
			developmentRegion = en;
			hasScannedForEncodings = 0;
			knownRegions = (
				ar,
				Base,
				en,
			);
			mainGroup = A10000001A01000A00010001;
			packageReferences = (
				99E09CEF2F5AD8530028A945 /* XCLocalSwiftPackageReference "../.." */,
			);
			productRefGroup = A10000001A01000C00010001 /* Products */;
			projectDirPath = "";
			projectRoot = "";
			targets = (
				A10000001A01000D00010001 /* LocalizeSDKExample */,
			);
		};
/* End PBXProject section */

/* Begin PBXResourcesBuildPhase section */
		A10000001A01001000010001 /* Resources */ = {
			isa = PBXResourcesBuildPhase;
			buildActionMask = 2147483647;
			files = (
				A10000001A01000500010001 /* Assets.xcassets in Resources */,
				A10000001A01002000010001 /* Localizable.strings in Resources */,
				A10000001A01002400010001 /* Localizable.stringsdict in Resources */,
			);
			runOnlyForDeploymentPostprocessing = 0;
		};
/* End PBXResourcesBuildPhase section */

/* Begin PBXSourcesBuildPhase section */
		A10000001A01000F00010001 /* Sources */ = {
			isa = PBXSourcesBuildPhase;
			buildActionMask = 2147483647;
			files = (
				A10000001A01000100010001 /* LocalizeSDKExampleApp.swift in Sources */,
				A10000001A01000300010001 /* ContentView.swift in Sources */,
			);
			runOnlyForDeploymentPostprocessing = 0;
		};
/* End PBXSourcesBuildPhase section */

/* Begin PBXVariantGroup section */
		A10000001A01002300010001 /* Localizable.strings */ = {
			isa = PBXVariantGroup;
			children = (
				A10000001A01002100010001 /* en.lproj/Localizable.strings */,
				A10000001A01002200010001 /* ar.lproj/Localizable.strings */,
			);
			name = Localizable.strings;
			sourceTree = "<group>";
		};
		A10000001A01002600010001 /* Localizable.stringsdict */ = {
			isa = PBXVariantGroup;
			children = (
				A10000001A01002500010001 /* en.lproj/Localizable.stringsdict */,
				A10000001A01002700010001 /* ar.lproj/Localizable.stringsdict */,
			);
			name = Localizable.stringsdict;
			sourceTree = "<group>";
		};
/* End PBXVariantGroup section */

/* Begin XCBuildConfiguration section */
		A10000001A01001500010001 /* Debug */ = {
			isa = XCBuildConfiguration;
			buildSettings = {
				ALWAYS_SEARCH_USER_PATHS = NO;
				ASSETCATALOG_COMPILER_GENERATE_SWIFT_ASSET_SYMBOL_EXTENSIONS = YES;
				CLANG_ANALYZER_NONNULL = YES;
				CLANG_ANALYZER_NUMBER_OBJECT_CONVERSION = YES_AGGRESSIVE;
				CLANG_CXX_LANGUAGE_STANDARD = "gnu++20";
				CLANG_ENABLE_MODULES = YES;
				CLANG_ENABLE_OBJC_ARC = YES;
				CLANG_ENABLE_OBJC_WEAK = YES;
				CLANG_WARN_BLOCK_CAPTURE_AUTORELEASING = YES;
				CLANG_WARN_BOOL_CONVERSION = YES;
				CLANG_WARN_COMMA = YES;
				CLANG_WARN_CONSTANT_CONVERSION = YES;
				CLANG_WARN_DEPRECATED_OBJC_IMPLEMENTATIONS = YES;
				CLANG_WARN_DIRECT_OBJC_ISA_USAGE = YES_ERROR;
				CLANG_WARN_DOCUMENTATION_COMMENTS = YES;
				CLANG_WARN_EMPTY_BODY = YES;
				CLANG_WARN_ENUM_CONVERSION = YES;
				CLANG_WARN_INFINITE_RECURSION = YES;
				CLANG_WARN_INT_CONVERSION = YES;
				CLANG_WARN_NON_LITERAL_NULL_CONVERSION = YES;
				CLANG_WARN_OBJC_IMPLICIT_RETAIN_SELF = YES;
				CLANG_WARN_OBJC_LITERAL_CONVERSION = YES;
				CLANG_WARN_OBJC_ROOT_CLASS = YES_ERROR;
				CLANG_WARN_QUOTED_INCLUDE_IN_FRAMEWORK_HEADER = YES;
				CLANG_WARN_RANGES_LOOP_ANALYSIS = YES;
				CLANG_WARN_STRICT_PROTOTYPES = YES;
				CLANG_WARN_SUSPICIOUS_MOVE = YES;
				CLANG_WARN_UNGUARDED_AVAILABILITY = YES_AGGRESSIVE;
				CLANG_WARN_UNREACHABLE_CODE = YES;
				CLANG_WARN__DUPLICATE_METHOD_MATCH = YES;
				COPY_PHASE_STRIP = NO;
				DEBUG_INFORMATION_FORMAT = dwarf;
				ENABLE_STRICT_OBJC_MSGSEND = YES;
				ENABLE_TESTABILITY = YES;
				ENABLE_USER_SCRIPT_SANDBOXING = YES;
				GCC_C_LANGUAGE_STANDARD = gnu17;
				GCC_DYNAMIC_NO_PIC = NO;
				GCC_NO_COMMON_BLOCKS = YES;
				GCC_OPTIMIZATION_LEVEL = 0;
				GCC_PREPROCESSOR_DEFINITIONS = (
					"DEBUG=1",
					"$(inherited)",
				);
				GCC_WARN_64_TO_32_BIT_CONVERSION = YES;
				GCC_WARN_ABOUT_RETURN_TYPE = YES_ERROR;
				GCC_WARN_UNDECLARED_SELECTOR = YES;
				GCC_WARN_UNINITIALIZED_AUTOS = YES_AGGRESSIVE;
				GCC_WARN_UNUSED_FUNCTION = YES;
				GCC_WARN_UNUSED_VARIABLE = YES;
				IPHONEOS_DEPLOYMENT_TARGET = 17.0;
				LOCALIZATION_PREFERS_STRING_CATALOGS = YES;
				MTL_ENABLE_DEBUG_INFO = INCLUDE_SOURCE;
				MTL_FAST_MATH = YES;
				ONLY_ACTIVE_ARCH = YES;
				SDKROOT = iphoneos;
				SWIFT_ACTIVE_COMPILATION_CONDITIONS = "DEBUG $(inherited)";
				SWIFT_OPTIMIZATION_LEVEL = "-Onone";
			};
			name = Debug;
		};
		A10000001A01001600010001 /* Release */ = {
			isa = XCBuildConfiguration;
			buildSettings = {
				ALWAYS_SEARCH_USER_PATHS = NO;
				ASSETCATALOG_COMPILER_GENERATE_SWIFT_ASSET_SYMBOL_EXTENSIONS = YES;
				CLANG_ANALYZER_NONNULL = YES;
				CLANG_ANALYZER_NUMBER_OBJECT_CONVERSION = YES_AGGRESSIVE;
				CLANG_CXX_LANGUAGE_STANDARD = "gnu++20";
				CLANG_ENABLE_MODULES = YES;
				CLANG_ENABLE_OBJC_ARC = YES;
				CLANG_ENABLE_OBJC_WEAK = YES;
				CLANG_WARN_BLOCK_CAPTURE_AUTORELEASING = YES;
				CLANG_WARN_BOOL_CONVERSION = YES;
				CLANG_WARN_COMMA = YES;
				CLANG_WARN_CONSTANT_CONVERSION = YES;
				CLANG_WARN_DEPRECATED_OBJC_IMPLEMENTATIONS = YES;
				CLANG_WARN_DIRECT_OBJC_ISA_USAGE = YES_ERROR;
				CLANG_WARN_DOCUMENTATION_COMMENTS = YES;
				CLANG_WARN_EMPTY_BODY = YES;
				CLANG_WARN_ENUM_CONVERSION = YES;
				CLANG_WARN_INFINITE_RECURSION = YES;
				CLANG_WARN_INT_CONVERSION = YES;
				CLANG_WARN_NON_LITERAL_NULL_CONVERSION = YES;
				CLANG_WARN_OBJC_IMPLICIT_RETAIN_SELF = YES;
				CLANG_WARN_OBJC_LITERAL_CONVERSION = YES;
				CLANG_WARN_OBJC_ROOT_CLASS = YES_ERROR;
				CLANG_WARN_QUOTED_INCLUDE_IN_FRAMEWORK_HEADER = YES;
				CLANG_WARN_RANGES_LOOP_ANALYSIS = YES;
				CLANG_WARN_STRICT_PROTOTYPES = YES;
				CLANG_WARN_SUSPICIOUS_MOVE = YES;
				CLANG_WARN_UNGUARDED_AVAILABILITY = YES_AGGRESSIVE;
				CLANG_WARN_UNREACHABLE_CODE = YES;
				CLANG_WARN__DUPLICATE_METHOD_MATCH = YES;
				COPY_PHASE_STRIP = NO;
				DEBUG_INFORMATION_FORMAT = "dwarf-with-dsym";
				ENABLE_NS_ASSERTIONS = NO;
				ENABLE_STRICT_OBJC_MSGSEND = YES;
				ENABLE_USER_SCRIPT_SANDBOXING = YES;
				GCC_C_LANGUAGE_STANDARD = gnu17;
				GCC_NO_COMMON_BLOCKS = YES;
				GCC_WARN_64_TO_32_BIT_CONVERSION = YES;
				GCC_WARN_ABOUT_RETURN_TYPE = YES_ERROR;
				GCC_WARN_UNDECLARED_SELECTOR = YES;
				GCC_WARN_UNINITIALIZED_AUTOS = YES_AGGRESSIVE;
				GCC_WARN_UNUSED_FUNCTION = YES;
				GCC_WARN_UNUSED_VARIABLE = YES;
				IPHONEOS_DEPLOYMENT_TARGET = 17.0;
				LOCALIZATION_PREFERS_STRING_CATALOGS = YES;
				MTL_ENABLE_DEBUG_INFO = NO;
				MTL_FAST_MATH = YES;
				SDKROOT = iphoneos;
				SWIFT_COMPILATION_MODE = wholemodule;
				VALIDATE_PRODUCT = YES;
			};
			name = Release;
		};
		A10000001A01001700010001 /* Debug */ = {
			isa = XCBuildConfiguration;
			buildSettings = {
				ASSETCATALOG_COMPILER_APPICON_NAME = AppIcon;
				ASSETCATALOG_COMPILER_GLOBAL_ACCENT_COLOR_NAME = AccentColor;
				CODE_SIGN_STYLE = Automatic;
				CURRENT_PROJECT_VERSION = 1;
				DEVELOPMENT_ASSET_PATHS = "";
				DEVELOPMENT_TEAM = TT8FB8ZG27;
				ENABLE_PREVIEWS = YES;
				GENERATE_INFOPLIST_FILE = NO;
				INFOPLIST_FILE = LocalizeSDKExample/Info.plist;
				INFOPLIST_KEY_UIApplicationSceneManifest_Generation = YES;
				INFOPLIST_KEY_UIApplicationSupportsIndirectInputEvents = YES;
				LD_RUNPATH_SEARCH_PATHS = (
					"$(inherited)",
					"@executable_path/Frameworks",
				);
				MARKETING_VERSION = 1.0;
				PRODUCT_BUNDLE_IDENTIFIER = ae.adres.LocalizeSDKExample;
				PRODUCT_NAME = "$(TARGET_NAME)";
				SWIFT_EMIT_LOC_STRINGS = YES;
				SWIFT_VERSION = 5.0;
				TARGETED_DEVICE_FAMILY = "1,2";
			};
			name = Debug;
		};
		A10000001A01001800010001 /* Release */ = {
			isa = XCBuildConfiguration;
			buildSettings = {
				ASSETCATALOG_COMPILER_APPICON_NAME = AppIcon;
				ASSETCATALOG_COMPILER_GLOBAL_ACCENT_COLOR_NAME = AccentColor;
				CODE_SIGN_STYLE = Automatic;
				CURRENT_PROJECT_VERSION = 1;
				DEVELOPMENT_ASSET_PATHS = "";
				DEVELOPMENT_TEAM = TT8FB8ZG27;
				ENABLE_PREVIEWS = YES;
				GENERATE_INFOPLIST_FILE = NO;
				INFOPLIST_FILE = LocalizeSDKExample/Info.plist;
				INFOPLIST_KEY_UIApplicationSceneManifest_Generation = YES;
				INFOPLIST_KEY_UIApplicationSupportsIndirectInputEvents = YES;
				LD_RUNPATH_SEARCH_PATHS = (
					"$(inherited)",
					"@executable_path/Frameworks",
				);
				MARKETING_VERSION = 1.0;
				PRODUCT_BUNDLE_IDENTIFIER = ae.adres.LocalizeSDKExample;
				PRODUCT_NAME = "$(TARGET_NAME)";
				SWIFT_EMIT_LOC_STRINGS = YES;
				SWIFT_VERSION = 5.0;
				TARGETED_DEVICE_FAMILY = "1,2";
			};
			name = Release;
		};
/* End XCBuildConfiguration section */

/* Begin XCConfigurationList section */
		A10000001A01000E00010001 /* Build configuration list for PBXNativeTarget "LocalizeSDKExample" */ = {
			isa = XCConfigurationList;
			buildConfigurations = (
				A10000001A01001700010001 /* Debug */,
				A10000001A01001800010001 /* Release */,
			);
			defaultConfigurationIsVisible = 0;
			defaultConfigurationName = Release;
		};
		A10000001A01001300010001 /* Build configuration list for PBXProject "LocalizeSDKExample" */ = {
			isa = XCConfigurationList;
			buildConfigurations = (
				A10000001A01001500010001 /* Debug */,
				A10000001A01001600010001 /* Release */,
			);
			defaultConfigurationIsVisible = 0;
			defaultConfigurationName = Release;
		};
/* End XCConfigurationList section */

/* Begin XCLocalSwiftPackageReference section */
		99E09CEF2F5AD8530028A945 /* XCLocalSwiftPackageReference "../.." */ = {
			isa = XCLocalSwiftPackageReference;
			relativePath = ../..;
		};
/* End XCLocalSwiftPackageReference section */

/* Begin XCSwiftPackageProductDependency section */
		99A23EBD2F59ABA3002D9F74 /* LocalizeSDK */ = {
			isa = XCSwiftPackageProductDependency;
			productName = LocalizeSDK;
		};
		99A23ED02F59AF28002D9F74 /* LocalizeSDK */ = {
			isa = XCSwiftPackageProductDependency;
			productName = LocalizeSDK;
		};
		99A23ED32F59B284002D9F74 /* LocalizeSDK */ = {
			isa = XCSwiftPackageProductDependency;
			productName = LocalizeSDK;
		};
		99E09CF02F5AD8530028A945 /* LocalizeSDK */ = {
			isa = XCSwiftPackageProductDependency;
			productName = LocalizeSDK;
		};
/* End XCSwiftPackageProductDependency section */
	};
	rootObject = A10000001A01001200010001 /* Project object */;
}
